// !$*UTF8*$!
{
	archiveVersion = 1;
	classes = {
	};
	objectVersion = 50;
	objects = {

/* Begin PBXBuildFile section */
		3D271DAA291162AD0003C9EC /* AsistenciasController.swift in Sources */ = {isa = PBXBuildFile; fileRef = 3D271DA9291162AD0003C9EC /* AsistenciasController.swift */; };
		3D271DAC291162C00003C9EC /* MenuController.swift in Sources */ = {isa = PBXBuildFile; fileRef = 3D271DAB291162C00003C9EC /* MenuController.swift */; };
		3D271DAE291162DA0003C9EC /* DocenteController.swift in Sources */ = {isa = PBXBuildFile; fileRef = 3D271DAD291162DA0003C9EC /* DocenteController.swift */; };
		3D271DB0291163780003C9EC /* Materia.swift in Sources */ = {isa = PBXBuildFile; fileRef = 3D271DAF291163780003C9EC /* Materia.swift */; };
		3D271DB22911639D0003C9EC /* CeldaMateriaController.swift in Sources */ = {isa = PBXBuildFile; fileRef = 3D271DB12911639D0003C9EC /* CeldaMateriaController.swift */; };
		3D271DB4291163E80003C9EC /* Menu.swift in Sources */ = {isa = PBXBuildFile; fileRef = 3D271DB3291163E80003C9EC /* Menu.swift */; };
		3D271DB6291164090003C9EC /* Docente.swift in Sources */ = {isa = PBXBuildFile; fileRef = 3D271DB5291164090003C9EC /* Docente.swift */; };
		3D271DB8291164150003C9EC /* Perfil.swift in Sources */ = {isa = PBXBuildFile; fileRef = 3D271DB7291164150003C9EC /* Perfil.swift */; };
		3D350432290AD664007C4FC7 /* AppDelegate.swift in Sources */ = {isa = PBXBuildFile; fileRef = 3D350431290AD664007C4FC7 /* AppDelegate.swift */; };
		3D350434290AD664007C4FC7 /* ViewController.swift in Sources */ = {isa = PBXBuildFile; fileRef = 3D350433290AD664007C4FC7 /* ViewController.swift */; };
		3D350437290AD664007C4FC7 /* Main.storyboard in Resources */ = {isa = PBXBuildFile; fileRef = 3D350435290AD664007C4FC7 /* Main.storyboard */; };
		3D350439290AD668007C4FC7 /* Assets.xcassets in Resources */ = {isa = PBXBuildFile; fileRef = 3D350438290AD668007C4FC7 /* Assets.xcassets */; };
		3D35043C290AD668007C4FC7 /* LaunchScreen.storyboard in Resources */ = {isa = PBXBuildFile; fileRef = 3D35043A290AD668007C4FC7 /* LaunchScreen.storyboard */; };
		FB4AE308291ABBEC00F2D8AF /* Contacto.swift in Sources */ = {isa = PBXBuildFile; fileRef = FB4AE307291ABBEC00F2D8AF /* Contacto.swift */; };
		FB4AE30A291ABBFA00F2D8AF /* ContactoController.swift in Sources */ = {isa = PBXBuildFile; fileRef = FB4AE309291ABBFA00F2D8AF /* ContactoController.swift */; };
		FB4AE30C291ABDA200F2D8AF /* CeldaContactoController.swift in Sources */ = {isa = PBXBuildFile; fileRef = FB4AE30B291ABDA200F2D8AF /* CeldaContactoController.swift */; };
		FB78C45B291E91A400F66BD0 /* Pagos.swift in Sources */ = {isa = PBXBuildFile; fileRef = FB78C45A291E91A400F66BD0 /* Pagos.swift */; };
		FB78C45D291E93B400F66BD0 /* PagosController.swift in Sources */ = {isa = PBXBuildFile; fileRef = FB78C45C291E93B400F66BD0 /* PagosController.swift */; };
		FB78C45F291E93C400F66BD0 /* CeldaPagosController.swift in Sources */ = {isa = PBXBuildFile; fileRef = FB78C45E291E93C400F66BD0 /* CeldaPagosController.swift */; };
		FB78C461291E982800F66BD0 /* ConsultarDocenteController.swift in Sources */ = {isa = PBXBuildFile; fileRef = FB78C460291E982800F66BD0 /* ConsultarDocenteController.swift */; };
		FB796DF3291AA9B70031B240 /* PerfilController.swift in Sources */ = {isa = PBXBuildFile; fileRef = FB796DF2291AA9B70031B240 /* PerfilController.swift */; };
		FB7BDA1F291958B200D8C47F /* CeldaDocenteController.swift in Sources */ = {isa = PBXBuildFile; fileRef = FB7BDA1E291958B200D8C47F /* CeldaDocenteController.swift */; };
		FB9C4661291178DA00D3E6A3 /* CeldaMenuController.swift in Sources */ = {isa = PBXBuildFile; fileRef = FB9C4660291178DA00D3E6A3 /* CeldaMenuController.swift */; };
		FB9C4663291179B200D3E6A3 /* MateriaController.swift in Sources */ = {isa = PBXBuildFile; fileRef = FB9C4662291179B200D3E6A3 /* MateriaController.swift */; };
/* End PBXBuildFile section */

/* Begin PBXFileReference section */
		3D271DA9291162AD0003C9EC /* AsistenciasController.swift */ = {isa = PBXFileReference; lastKnownFileType = sourcecode.swift; path = AsistenciasController.swift; sourceTree = "<group>"; };
		3D271DAB291162C00003C9EC /* MenuController.swift */ = {isa = PBXFileReference; lastKnownFileType = sourcecode.swift; path = MenuController.swift; sourceTree = "<group>"; };
		3D271DAD291162DA0003C9EC /* DocenteController.swift */ = {isa = PBXFileReference; lastKnownFileType = sourcecode.swift; path = DocenteController.swift; sourceTree = "<group>"; };
		3D271DAF291163780003C9EC /* Materia.swift */ = {isa = PBXFileReference; lastKnownFileType = sourcecode.swift; path = Materia.swift; sourceTree = "<group>"; };
		3D271DB12911639D0003C9EC /* CeldaMateriaController.swift */ = {isa = PBXFileReference; lastKnownFileType = sourcecode.swift; path = CeldaMateriaController.swift; sourceTree = "<group>"; };
		3D271DB3291163E80003C9EC /* Menu.swift */ = {isa = PBXFileReference; lastKnownFileType = sourcecode.swift; path = Menu.swift; sourceTree = "<group>"; };
		3D271DB5291164090003C9EC /* Docente.swift */ = {isa = PBXFileReference; lastKnownFileType = sourcecode.swift; path = Docente.swift; sourceTree = "<group>"; };
		3D271DB7291164150003C9EC /* Perfil.swift */ = {isa = PBXFileReference; lastKnownFileType = sourcecode.swift; path = Perfil.swift; sourceTree = "<group>"; };
		3D35042E290AD664007C4FC7 /* app_consultas.app */ = {isa = PBXFileReference; explicitFileType = wrapper.application; includeInIndex = 0; path = app_consultas.app; sourceTree = BUILT_PRODUCTS_DIR; };
		3D350431290AD664007C4FC7 /* AppDelegate.swift */ = {isa = PBXFileReference; lastKnownFileType = sourcecode.swift; path = AppDelegate.swift; sourceTree = "<group>"; };
		3D350433290AD664007C4FC7 /* ViewController.swift */ = {isa = PBXFileReference; lastKnownFileType = sourcecode.swift; path = ViewController.swift; sourceTree = "<group>"; };
		3D350436290AD664007C4FC7 /* Base */ = {isa = PBXFileReference; lastKnownFileType = file.storyboard; name = Base; path = Base.lproj/Main.storyboard; sourceTree = "<group>"; };
		3D350438290AD668007C4FC7 /* Assets.xcassets */ = {isa = PBXFileReference; lastKnownFileType = folder.assetcatalog; path = Assets.xcassets; sourceTree = "<group>"; };
		3D35043B290AD668007C4FC7 /* Base */ = {isa = PBXFileReference; lastKnownFileType = file.storyboard; name = Base; path = Base.lproj/LaunchScreen.storyboard; sourceTree = "<group>"; };
		3D35043D290AD668007C4FC7 /* Info.plist */ = {isa = PBXFileReference; lastKnownFileType = text.plist.xml; path = Info.plist; sourceTree = "<group>"; };
		FB4AE307291ABBEC00F2D8AF /* Contacto.swift */ = {isa = PBXFileReference; lastKnownFileType = sourcecode.swift; path = Contacto.swift; sourceTree = "<group>"; };
		FB4AE309291ABBFA00F2D8AF /* ContactoController.swift */ = {isa = PBXFileReference; lastKnownFileType = sourcecode.swift; path = ContactoController.swift; sourceTree = "<group>"; };
		FB4AE30B291ABDA200F2D8AF /* CeldaContactoController.swift */ = {isa = PBXFileReference; lastKnownFileType = sourcecode.swift; path = CeldaContactoController.swift; sourceTree = "<group>"; };
		FB78C45A291E91A400F66BD0 /* Pagos.swift */ = {isa = PBXFileReference; lastKnownFileType = sourcecode.swift; path = Pagos.swift; sourceTree = "<group>"; };
		FB78C45C291E93B400F66BD0 /* PagosController.swift */ = {isa = PBXFileReference; lastKnownFileType = sourcecode.swift; path = PagosController.swift; sourceTree = "<group>"; };
		FB78C45E291E93C400F66BD0 /* CeldaPagosController.swift */ = {isa = PBXFileReference; lastKnownFileType = sourcecode.swift; path = CeldaPagosController.swift; sourceTree = "<group>"; };
		FB78C460291E982800F66BD0 /* ConsultarDocenteController.swift */ = {isa = PBXFileReference; lastKnownFileType = sourcecode.swift; path = ConsultarDocenteController.swift; sourceTree = "<group>"; };
		FB796DF2291AA9B70031B240 /* PerfilController.swift */ = {isa = PBXFileReference; lastKnownFileType = sourcecode.swift; path = PerfilController.swift; sourceTree = "<group>"; };
		FB7BDA1E291958B200D8C47F /* CeldaDocenteController.swift */ = {isa = PBXFileReference; lastKnownFileType = sourcecode.swift; path = CeldaDocenteController.swift; sourceTree = "<group>"; };
		FB9C4660291178DA00D3E6A3 /* CeldaMenuController.swift */ = {isa = PBXFileReference; lastKnownFileType = sourcecode.swift; path = CeldaMenuController.swift; sourceTree = "<group>"; };
		FB9C4662291179B200D3E6A3 /* MateriaController.swift */ = {isa = PBXFileReference; lastKnownFileType = sourcecode.swift; path = MateriaController.swift; sourceTree = "<group>"; };
/* End PBXFileReference section */

/* Begin PBXFrameworksBuildPhase section */
		3D35042B290AD663007C4FC7 /* Frameworks */ = {
			isa = PBXFrameworksBuildPhase;
			buildActionMask = 2147483647;
			files = (
			);
			runOnlyForDeploymentPostprocessing = 0;
		};
/* End PBXFrameworksBuildPhase section */

/* Begin PBXGroup section */
		3D350425290AD663007C4FC7 = {
			isa = PBXGroup;
			children = (
				3D350430290AD664007C4FC7 /* app_consultas */,
				3D35042F290AD664007C4FC7 /* Products */,
			);
			sourceTree = "<group>";
		};
		3D35042F290AD664007C4FC7 /* Products */ = {
			isa = PBXGroup;
			children = (
				3D35042E290AD664007C4FC7 /* app_consultas.app */,
			);
			name = Products;
			sourceTree = "<group>";
		};
		3D350430290AD664007C4FC7 /* app_consultas */ = {
			isa = PBXGroup;
			children = (
				3D350431290AD664007C4FC7 /* AppDelegate.swift */,
				3D350433290AD664007C4FC7 /* ViewController.swift */,
				3D350435290AD664007C4FC7 /* Main.storyboard */,
				3D350438290AD668007C4FC7 /* Assets.xcassets */,
				3D35043A290AD668007C4FC7 /* LaunchScreen.storyboard */,
				3D35043D290AD668007C4FC7 /* Info.plist */,
				3D271DA9291162AD0003C9EC /* AsistenciasController.swift */,
				3D271DB5291164090003C9EC /* Docente.swift */,
				3D271DAD291162DA0003C9EC /* DocenteController.swift */,
				FB78C460291E982800F66BD0 /* ConsultarDocenteController.swift */,
				3D271DAF291163780003C9EC /* Materia.swift */,
				FB9C4662291179B200D3E6A3 /* MateriaController.swift */,
				3D271DB12911639D0003C9EC /* CeldaMateriaController.swift */,
				FB9C4660291178DA00D3E6A3 /* CeldaMenuController.swift */,
				FB7BDA1E291958B200D8C47F /* CeldaDocenteController.swift */,
				FB4AE30B291ABDA200F2D8AF /* CeldaContactoController.swift */,
				3D271DB3291163E80003C9EC /* Menu.swift */,
				3D271DAB291162C00003C9EC /* MenuController.swift */,
				3D271DB7291164150003C9EC /* Perfil.swift */,
				FB796DF2291AA9B70031B240 /* PerfilController.swift */,
				FB4AE307291ABBEC00F2D8AF /* Contacto.swift */,
				FB4AE309291ABBFA00F2D8AF /* ContactoController.swift */,
				FB78C45A291E91A400F66BD0 /* Pagos.swift */,
				FB78C45C291E93B400F66BD0 /* PagosController.swift */,
				FB78C45E291E93C400F66BD0 /* CeldaPagosController.swift */,
			);
			path = app_consultas;
			sourceTree = "<group>";
		};
/* End PBXGroup section */

/* Begin PBXNativeTarget section */
		3D35042D290AD663007C4FC7 /* app_consultas */ = {
			isa = PBXNativeTarget;
			buildConfigurationList = 3D350440290AD668007C4FC7 /* Build configuration list for PBXNativeTarget "app_consultas" */;
			buildPhases = (
				3D35042A290AD663007C4FC7 /* Sources */,
				3D35042B290AD663007C4FC7 /* Frameworks */,
				3D35042C290AD663007C4FC7 /* Resources */,
			);
			buildRules = (
			);
			dependencies = (
			);
			name = app_consultas;
			productName = app_consultas;
			productReference = 3D35042E290AD664007C4FC7 /* app_consultas.app */;
			productType = "com.apple.product-type.application";
		};
/* End PBXNativeTarget section */

/* Begin PBXProject section */
		3D350426290AD663007C4FC7 /* Project object */ = {
			isa = PBXProject;
			attributes = {
				LastSwiftUpdateCheck = 0940;
				LastUpgradeCheck = 0940;
				ORGANIZATIONNAME = ULSA;
				TargetAttributes = {
					3D35042D290AD663007C4FC7 = {
						CreatedOnToolsVersion = 9.4.1;
					};
				};
			};
			buildConfigurationList = 3D350429290AD663007C4FC7 /* Build configuration list for PBXProject "app_consultas" */;
			compatibilityVersion = "Xcode 9.3";
			developmentRegion = en;
			hasScannedForEncodings = 0;
			knownRegions = (
				en,
				Base,
			);
			mainGroup = 3D350425290AD663007C4FC7;
			productRefGroup = 3D35042F290AD664007C4FC7 /* Products */;
			projectDirPath = "";
			projectRoot = "";
			targets = (
				3D35042D290AD663007C4FC7 /* app_consultas */,
			);
		};
/* End PBXProject section */

/* Begin PBXResourcesBuildPhase section */
		3D35042C290AD663007C4FC7 /* Resources */ = {
			isa = PBXResourcesBuildPhase;
			buildActionMask = 2147483647;
			files = (
				3D35043C290AD668007C4FC7 /* LaunchScreen.storyboard in Resources */,
				3D350439290AD668007C4FC7 /* Assets.xcassets in Resources */,
				3D350437290AD664007C4FC7 /* Main.storyboard in Resources */,
			);
			runOnlyForDeploymentPostprocessing = 0;
		};
/* End PBXResourcesBuildPhase section */

/* Begin PBXSourcesBuildPhase section */
		3D35042A290AD663007C4FC7 /* Sources */ = {
			isa = PBXSourcesBuildPhase;
			buildActionMask = 2147483647;
			files = (
				3D271DAE291162DA0003C9EC /* DocenteController.swift in Sources */,
				FB4AE30C291ABDA200F2D8AF /* CeldaContactoController.swift in Sources */,
				3D271DAC291162C00003C9EC /* MenuController.swift in Sources */,
				FB4AE30A291ABBFA00F2D8AF /* ContactoController.swift in Sources */,
				3D271DAA291162AD0003C9EC /* AsistenciasController.swift in Sources */,
				FB9C4663291179B200D3E6A3 /* MateriaController.swift in Sources */,
				FB7BDA1F291958B200D8C47F /* CeldaDocenteController.swift in Sources */,
				3D350434290AD664007C4FC7 /* ViewController.swift in Sources */,
				FB78C45F291E93C400F66BD0 /* CeldaPagosController.swift in Sources */,
				3D271DB8291164150003C9EC /* Perfil.swift in Sources */,
				3D271DB0291163780003C9EC /* Materia.swift in Sources */,
				FB78C45B291E91A400F66BD0 /* Pagos.swift in Sources */,
				FB78C461291E982800F66BD0 /* ConsultarDocenteController.swift in Sources */,
				FB9C4661291178DA00D3E6A3 /* CeldaMenuController.swift in Sources */,
				FB796DF3291AA9B70031B240 /* PerfilController.swift in Sources */,
				FB78C45D291E93B400F66BD0 /* PagosController.swift in Sources */,
				3D350432290AD664007C4FC7 /* AppDelegate.swift in Sources */,
				3D271DB6291164090003C9EC /* Docente.swift in Sources */,
				3D271DB4291163E80003C9EC /* Menu.swift in Sources */,
				3D271DB22911639D0003C9EC /* CeldaMateriaController.swift in Sources */,
				FB4AE308291ABBEC00F2D8AF /* Contacto.swift in Sources */,
			);
			runOnlyForDeploymentPostprocessing = 0;
		};
/* End PBXSourcesBuildPhase section */

/* Begin PBXVariantGroup section */
		3D350435290AD664007C4FC7 /* Main.storyboard */ = {
			isa = PBXVariantGroup;
			children = (
				3D350436290AD664007C4FC7 /* Base */,
			);
			name = Main.storyboard;
			sourceTree = "<group>";
		};
		3D35043A290AD668007C4FC7 /* LaunchScreen.storyboard */ = {
			isa = PBXVariantGroup;
			children = (
				3D35043B290AD668007C4FC7 /* Base */,
			);
			name = LaunchScreen.storyboard;
			sourceTree = "<group>";
		};
/* End PBXVariantGroup section */

/* Begin XCBuildConfiguration section */
		3D35043E290AD668007C4FC7 /* Debug */ = {
			isa = XCBuildConfiguration;
			buildSettings = {
				ALWAYS_SEARCH_USER_PATHS = NO;
				CLANG_ANALYZER_NONNULL = YES;
				CLANG_ANALYZER_NUMBER_OBJECT_CONVERSION = YES_AGGRESSIVE;
				CLANG_CXX_LANGUAGE_STANDARD = "gnu++14";
				CLANG_CXX_LIBRARY = "libc++";
				CLANG_ENABLE_MODULES = YES;
				CLANG_ENABLE_OBJC_ARC = YES;
				CLANG_ENABLE_OBJC_WEAK = YES;
				CLANG_WARN_BLOCK_CAPTURE_AUTORELEASING = YES;
				CLANG_WARN_BOOL_CONVERSION = YES;
				CLANG_WARN_COMMA = YES;
				CLANG_WARN_CONSTANT_CONVERSION = YES;
				CLANG_WARN_DEPRECATED_OBJC_IMPLEMENTATIONS = YES;
				CLANG_WARN_DIRECT_OBJC_ISA_USAGE = YES_ERROR;
				CLANG_WARN_DOCUMENTATION_COMMENTS = YES;
				CLANG_WARN_EMPTY_BODY = YES;
				CLANG_WARN_ENUM_CONVERSION = YES;
				CLANG_WARN_INFINITE_RECURSION = YES;
				CLANG_WARN_INT_CONVERSION = YES;
				CLANG_WARN_NON_LITERAL_NULL_CONVERSION = YES;
				CLANG_WARN_OBJC_IMPLICIT_RETAIN_SELF = YES;
				CLANG_WARN_OBJC_LITERAL_CONVERSION = YES;
				CLANG_WARN_OBJC_ROOT_CLASS = YES_ERROR;
				CLANG_WARN_RANGE_LOOP_ANALYSIS = YES;
				CLANG_WARN_STRICT_PROTOTYPES = YES;
				CLANG_WARN_SUSPICIOUS_MOVE = YES;
				CLANG_WARN_UNGUARDED_AVAILABILITY = YES_AGGRESSIVE;
				CLANG_WARN_UNREACHABLE_CODE = YES;
				CLANG_WARN__DUPLICATE_METHOD_MATCH = YES;
				CODE_SIGN_IDENTITY = "iPhone Developer";
				COPY_PHASE_STRIP = NO;
				DEBUG_INFORMATION_FORMAT = dwarf;
				ENABLE_STRICT_OBJC_MSGSEND = YES;
				ENABLE_TESTABILITY = YES;
				GCC_C_LANGUAGE_STANDARD = gnu11;
				GCC_DYNAMIC_NO_PIC = NO;
				GCC_NO_COMMON_BLOCKS = YES;
				GCC_OPTIMIZATION_LEVEL = 0;
				GCC_PREPROCESSOR_DEFINITIONS = (
					"DEBUG=1",
					"$(inherited)",
				);
				GCC_WARN_64_TO_32_BIT_CONVERSION = YES;
				GCC_WARN_ABOUT_RETURN_TYPE = YES_ERROR;
				GCC_WARN_UNDECLARED_SELECTOR = YES;
				GCC_WARN_UNINITIALIZED_AUTOS = YES_AGGRESSIVE;
				GCC_WARN_UNUSED_FUNCTION = YES;
				GCC_WARN_UNUSED_VARIABLE = YES;
				IPHONEOS_DEPLOYMENT_TARGET = 11.4;
				MTL_ENABLE_DEBUG_INFO = YES;
				ONLY_ACTIVE_ARCH = YES;
				SDKROOT = iphoneos;
				SWIFT_ACTIVE_COMPILATION_CONDITIONS = DEBUG;
				SWIFT_OPTIMIZATION_LEVEL = "-Onone";
			};
			name = Debug;
		};
		3D35043F290AD668007C4FC7 /* Release */ = {
			isa = XCBuildConfiguration;
			buildSettings = {
				ALWAYS_SEARCH_USER_PATHS = NO;
				CLANG_ANALYZER_NONNULL = YES;
				CLANG_ANALYZER_NUMBER_OBJECT_CONVERSION = YES_AGGRESSIVE;
				CLANG_CXX_LANGUAGE_STANDARD = "gnu++14";
				CLANG_CXX_LIBRARY = "libc++";
				CLANG_ENABLE_MODULES = YES;
				CLANG_ENABLE_OBJC_ARC = YES;
				CLANG_ENABLE_OBJC_WEAK = YES;
				CLANG_WARN_BLOCK_CAPTURE_AUTORELEASING = YES;
				CLANG_WARN_BOOL_CONVERSION = YES;
				CLANG_WARN_COMMA = YES;
				CLANG_WARN_CONSTANT_CONVERSION = YES;
				CLANG_WARN_DEPRECATED_OBJC_IMPLEMENTATIONS = YES;
				CLANG_WARN_DIRECT_OBJC_ISA_USAGE = YES_ERROR;
				CLANG_WARN_DOCUMENTATION_COMMENTS = YES;
				CLANG_WARN_EMPTY_BODY = YES;
				CLANG_WARN_ENUM_CONVERSION = YES;
				CLANG_WARN_INFINITE_RECURSION = YES;
				CLANG_WARN_INT_CONVERSION = YES;
				CLANG_WARN_NON_LITERAL_NULL_CONVERSION = YES;
				CLANG_WARN_OBJC_IMPLICIT_RETAIN_SELF = YES;
				CLANG_WARN_OBJC_LITERAL_CONVERSION = YES;
				CLANG_WARN_OBJC_ROOT_CLASS = YES_ERROR;
				CLANG_WARN_RANGE_LOOP_ANALYSIS = YES;
				CLANG_WARN_STRICT_PROTOTYPES = YES;
				CLANG_WARN_SUSPICIOUS_MOVE = YES;
				CLANG_WARN_UNGUARDED_AVAILABILITY = YES_AGGRESSIVE;
				CLANG_WARN_UNREACHABLE_CODE = YES;
				CLANG_WARN__DUPLICATE_METHOD_MATCH = YES;
				CODE_SIGN_IDENTITY = "iPhone Developer";
				COPY_PHASE_STRIP = NO;
				DEBUG_INFORMATION_FORMAT = "dwarf-with-dsym";
				ENABLE_NS_ASSERTIONS = NO;
				ENABLE_STRICT_OBJC_MSGSEND = YES;
				GCC_C_LANGUAGE_STANDARD = gnu11;
				GCC_NO_COMMON_BLOCKS = YES;
				GCC_WARN_64_TO_32_BIT_CONVERSION = YES;
				GCC_WARN_ABOUT_RETURN_TYPE = YES_ERROR;
				GCC_WARN_UNDECLARED_SELECTOR = YES;
				GCC_WARN_UNINITIALIZED_AUTOS = YES_AGGRESSIVE;
				GCC_WARN_UNUSED_FUNCTION = YES;
				GCC_WARN_UNUSED_VARIABLE = YES;
				IPHONEOS_DEPLOYMENT_TARGET = 11.4;
				MTL_ENABLE_DEBUG_INFO = NO;
				SDKROOT = iphoneos;
				SWIFT_COMPILATION_MODE = wholemodule;
				SWIFT_OPTIMIZATION_LEVEL = "-O";
				VALIDATE_PRODUCT = YES;
			};
			name = Release;
		};
		3D350441290AD668007C4FC7 /* Debug */ = {
			isa = XCBuildConfiguration;
			buildSettings = {
				ASSETCATALOG_COMPILER_APPICON_NAME = AppIcon;
				CODE_SIGN_STYLE = Automatic;
				INFOPLIST_FILE = app_consultas/Info.plist;
				LD_RUNPATH_SEARCH_PATHS = (
					"$(inherited)",
					"@executable_path/Frameworks",
				);
				PRODUCT_BUNDLE_IDENTIFIER = "edu.ulsa.app-consultas";
				PRODUCT_NAME = "$(TARGET_NAME)";
				SWIFT_VERSION = 4.0;
				TARGETED_DEVICE_FAMILY = "1,2";
			};
			name = Debug;
		};
		3D350442290AD668007C4FC7 /* Release */ = {
			isa = XCBuildConfiguration;
			buildSettings = {
				ASSETCATALOG_COMPILER_APPICON_NAME = AppIcon;
				CODE_SIGN_STYLE = Automatic;
				INFOPLIST_FILE = app_consultas/Info.plist;
				LD_RUNPATH_SEARCH_PATHS = (
					"$(inherited)",
					"@executable_path/Frameworks",
				);
				PRODUCT_BUNDLE_IDENTIFIER = "edu.ulsa.app-consultas";
				PRODUCT_NAME = "$(TARGET_NAME)";
				SWIFT_VERSION = 4.0;
				TARGETED_DEVICE_FAMILY = "1,2";
			};
			name = Release;
		};
/* End XCBuildConfiguration section */

/* Begin XCConfigurationList section */
		3D350429290AD663007C4FC7 /* Build configuration list for PBXProject "app_consultas" */ = {
			isa = XCConfigurationList;
			buildConfigurations = (
				3D35043E290AD668007C4FC7 /* Debug */,
				3D35043F290AD668007C4FC7 /* Release */,
			);
			defaultConfigurationIsVisible = 0;
			defaultConfigurationName = Release;
		};
		3D350440290AD668007C4FC7 /* Build configuration list for PBXNativeTarget "app_consultas" */ = {
			isa = XCConfigurationList;
			buildConfigurations = (
				3D350441290AD668007C4FC7 /* Debug */,
				3D350442290AD668007C4FC7 /* Release */,
			);
			defaultConfigurationIsVisible = 0;
			defaultConfigurationName = Release;
		};
/* End XCConfigurationList section */
	};
	rootObject = 3D350426290AD663007C4FC7 /* Project object */;
}
